
Microsoft Visual Studio Solution File, Format Version 12.00
# Visual Studio 15
VisualStudioVersion = 15.0.27130.2036
MinimumVisualStudioVersion = 10.0.40219.1
Project("{FAE04EC0-301F-11D3-BF4B-00C04F79EFBC}") = "FoodTruck.Negocio", "FoodTruck.Negocio\FoodTruck.Negocio.csproj", "{7CF75221-0E24-4801-BFE8-99D451963251}"
EndProject
Project("{FAE04EC0-301F-11D3-BF4B-00C04F79EFBC}") = "FoodTruck.Persistencia", "FoodTruck.Persistencia\FoodTruck.Persistencia.csproj", "{D665223F-FC4D-4CFA-B722-FF9EBF3A53D0}"
EndProject
Project("{FAE04EC0-301F-11D3-BF4B-00C04F79EFBC}") = "FoodTruck.Telas", "FoodTruck.Telas\FoodTruck.Telas.csproj", "{23D6D4FA-0E9C-43E7-974D-4BF4DFA7503E}"
EndProject
Global
	GlobalSection(SolutionConfigurationPlatforms) = preSolution
		Debug|Any CPU = Debug|Any CPU
		Release|Any CPU = Release|Any CPU
	EndGlobalSection
	GlobalSection(ProjectConfigurationPlatforms) = postSolution
		{7CF75221-0E24-4801-BFE8-99D451963251}.Debug|Any CPU.ActiveCfg = Debug|Any CPU
		{7CF75221-0E24-4801-BFE8-99D451963251}.Debug|Any CPU.Build.0 = Debug|Any CPU
		{7CF75221-0E24-4801-BFE8-99D451963251}.Release|Any CPU.ActiveCfg = Release|Any CPU
		{7CF75221-0E24-4801-BFE8-99D451963251}.Release|Any CPU.Build.0 = Release|Any CPU
		{D665223F-FC4D-4CFA-B722-FF9EBF3A53D0}.Debug|Any CPU.ActiveCfg = Debug|Any CPU
		{D665223F-FC4D-4CFA-B722-FF9EBF3A53D0}.Debug|Any CPU.Build.0 = Debug|Any CPU
		{D665223F-FC4D-4CFA-B722-FF9EBF3A53D0}.Release|Any CPU.ActiveCfg = Release|Any CPU
		{D665223F-FC4D-4CFA-B722-FF9EBF3A53D0}.Release|Any CPU.Build.0 = Release|Any CPU
		{23D6D4FA-0E9C-43E7-974D-4BF4DFA7503E}.Debug|Any CPU.ActiveCfg = Debug|Any CPU
		{23D6D4FA-0E9C-43E7-974D-4BF4DFA7503E}.Debug|Any CPU.Build.0 = Debug|Any CPU
		{23D6D4FA-0E9C-43E7-974D-4BF4DFA7503E}.Release|Any CPU.ActiveCfg = Release|Any CPU
		{23D6D4FA-0E9C-43E7-974D-4BF4DFA7503E}.Release|Any CPU.Build.0 = Release|Any CPU
	EndGlobalSection
	GlobalSection(SolutionProperties) = preSolution
		HideSolutionNode = FALSE
	EndGlobalSection
	GlobalSection(ExtensibilityGlobals) = postSolution
		SolutionGuid = {9FEDB556-8C64-4B61-8DCB-B2FDB240F4BF}
	EndGlobalSection
EndGlobal
